
Microsoft Visual Studio Solution File, Format Version 12.00
# Visual Studio 15
VisualStudioVersion = 15.0.27428.2043
MinimumVisualStudioVersion = 10.0.40219.1
Project("{FAE04EC0-301F-11D3-BF4B-00C04F79EFBC}") = "NAA", "NAA\NAA.csproj", "{B0CF4A75-3EBB-4355-9938-39C6C7F9D68B}"
EndProject
Project("{FAE04EC0-301F-11D3-BF4B-00C04F79EFBC}") = "NAA.Data", "NAA.Data\NAA.Data.csproj", "{88535A0B-2B76-4BB3-8E5C-2307F4999008}"
EndProject
Project("{FAE04EC0-301F-11D3-BF4B-00C04F79EFBC}") = "NAA.Services", "NAA.Services\NAA.Services.csproj", "{DC15E583-AC4C-40FE-B4F2-2663B2873619}"
EndProject
Global
	GlobalSection(SolutionConfigurationPlatforms) = preSolution
		Debug|Any CPU = Debug|Any CPU
		Release|Any CPU = Release|Any CPU
	EndGlobalSection
	GlobalSection(ProjectConfigurationPlatforms) = postSolution
		{B0CF4A75-3EBB-4355-9938-39C6C7F9D68B}.Debug|Any CPU.ActiveCfg = Debug|Any CPU
		{B0CF4A75-3EBB-4355-9938-39C6C7F9D68B}.Debug|Any CPU.Build.0 = Debug|Any CPU
		{B0CF4A75-3EBB-4355-9938-39C6C7F9D68B}.Release|Any CPU.ActiveCfg = Release|Any CPU
		{B0CF4A75-3EBB-4355-9938-39C6C7F9D68B}.Release|Any CPU.Build.0 = Release|Any CPU
		{88535A0B-2B76-4BB3-8E5C-2307F4999008}.Debug|Any CPU.ActiveCfg = Debug|Any CPU
		{88535A0B-2B76-4BB3-8E5C-2307F4999008}.Debug|Any CPU.Build.0 = Debug|Any CPU
		{88535A0B-2B76-4BB3-8E5C-2307F4999008}.Release|Any CPU.ActiveCfg = Release|Any CPU
		{88535A0B-2B76-4BB3-8E5C-2307F4999008}.Release|Any CPU.Build.0 = Release|Any CPU
		{DC15E583-AC4C-40FE-B4F2-2663B2873619}.Debug|Any CPU.ActiveCfg = Debug|Any CPU
		{DC15E583-AC4C-40FE-B4F2-2663B2873619}.Debug|Any CPU.Build.0 = Debug|Any CPU
		{DC15E583-AC4C-40FE-B4F2-2663B2873619}.Release|Any CPU.ActiveCfg = Release|Any CPU
		{DC15E583-AC4C-40FE-B4F2-2663B2873619}.Release|Any CPU.Build.0 = Release|Any CPU
	EndGlobalSection
	GlobalSection(SolutionProperties) = preSolution
		HideSolutionNode = FALSE
	EndGlobalSection
	GlobalSection(ExtensibilityGlobals) = postSolution
		SolutionGuid = {66FF9EBF-7E86-4ECE-A9FE-CB5EA42FB910}
	EndGlobalSection
EndGlobal
