
Microsoft Visual Studio Solution File, Format Version 12.00
# Visual Studio 15
VisualStudioVersion = 15.0.27428.2043
MinimumVisualStudioVersion = 10.0.40219.1
Project("{FAE04EC0-301F-11D3-BF4B-00C04F79EFBC}") = "NAA", "NAA\NAA.csproj", "{B0CF4A75-3EBB-4355-9938-39C6C7F9D68B}"
EndProject
Project("{FAE04EC0-301F-11D3-BF4B-00C04F79EFBC}") = "NAA.Data", "NAA.Data\NAA.Data.csproj", "{88535A0B-2B76-4BB3-8E5C-2307F4999008}"
EndProject
Project("{FAE04EC0-301F-11D3-BF4B-00C04F79EFBC}") = "NAA.Services", "NAA.Services\NAA.Services.csproj", "{DC15E583-AC4C-40FE-B4F2-2663B2873619}"
EndProject
Project("{FAE04EC0-301F-11D3-BF4B-00C04F79EFBC}") = "Universities.Services", "Universities.Services\Universities.Services.csproj", "{A3E71F63-B138-4D33-8E23-3F21F8CAD268}"
EndProject
Project("{FAE04EC0-301F-11D3-BF4B-00C04F79EFBC}") = "UniversitiesWebService", "UniversitiesWebService\UniversitiesWebService.csproj", "{6BB47181-59E9-489D-856E-B8A6AB3E4C00}"
EndProject
Project("{E24C65DC-7377-472B-9ABA-BC803B73C61A}") = "University_web", "University_web\", "{B1D0D990-0898-4120-B91D-3941738F46FF}"
	ProjectSection(WebsiteProperties) = preProject
		TargetFrameworkMoniker = ".NETFramework,Version%3Dv4.6.1"
		Debug.AspNetCompiler.VirtualPath = "/localhost_56896"
		Debug.AspNetCompiler.PhysicalPath = "University_web\"
		Debug.AspNetCompiler.TargetPath = "PrecompiledWeb\localhost_56896\"
		Debug.AspNetCompiler.Updateable = "true"
		Debug.AspNetCompiler.ForceOverwrite = "true"
		Debug.AspNetCompiler.FixedNames = "false"
		Debug.AspNetCompiler.Debug = "True"
		Release.AspNetCompiler.VirtualPath = "/localhost_56896"
		Release.AspNetCompiler.PhysicalPath = "University_web\"
		Release.AspNetCompiler.TargetPath = "PrecompiledWeb\localhost_56896\"
		Release.AspNetCompiler.Updateable = "true"
		Release.AspNetCompiler.ForceOverwrite = "true"
		Release.AspNetCompiler.FixedNames = "false"
		Release.AspNetCompiler.Debug = "False"
		VWDPort = "56896"
		SlnRelativePath = "University_web\"
		DefaultWebSiteLanguage = "Visual C#"
	EndProjectSection
EndProject
Global
	GlobalSection(SolutionConfigurationPlatforms) = preSolution
		Debug|Any CPU = Debug|Any CPU
		Release|Any CPU = Release|Any CPU
	EndGlobalSection
	GlobalSection(ProjectConfigurationPlatforms) = postSolution
		{B0CF4A75-3EBB-4355-9938-39C6C7F9D68B}.Debug|Any CPU.ActiveCfg = Debug|Any CPU
		{B0CF4A75-3EBB-4355-9938-39C6C7F9D68B}.Debug|Any CPU.Build.0 = Debug|Any CPU
		{B0CF4A75-3EBB-4355-9938-39C6C7F9D68B}.Release|Any CPU.ActiveCfg = Release|Any CPU
		{B0CF4A75-3EBB-4355-9938-39C6C7F9D68B}.Release|Any CPU.Build.0 = Release|Any CPU
		{88535A0B-2B76-4BB3-8E5C-2307F4999008}.Debug|Any CPU.ActiveCfg = Debug|Any CPU
		{88535A0B-2B76-4BB3-8E5C-2307F4999008}.Debug|Any CPU.Build.0 = Debug|Any CPU
		{88535A0B-2B76-4BB3-8E5C-2307F4999008}.Release|Any CPU.ActiveCfg = Release|Any CPU
		{88535A0B-2B76-4BB3-8E5C-2307F4999008}.Release|Any CPU.Build.0 = Release|Any CPU
		{DC15E583-AC4C-40FE-B4F2-2663B2873619}.Debug|Any CPU.ActiveCfg = Debug|Any CPU
		{DC15E583-AC4C-40FE-B4F2-2663B2873619}.Debug|Any CPU.Build.0 = Debug|Any CPU
		{DC15E583-AC4C-40FE-B4F2-2663B2873619}.Release|Any CPU.ActiveCfg = Release|Any CPU
		{DC15E583-AC4C-40FE-B4F2-2663B2873619}.Release|Any CPU.Build.0 = Release|Any CPU
		{A3E71F63-B138-4D33-8E23-3F21F8CAD268}.Debug|Any CPU.ActiveCfg = Debug|Any CPU
		{A3E71F63-B138-4D33-8E23-3F21F8CAD268}.Debug|Any CPU.Build.0 = Debug|Any CPU
		{A3E71F63-B138-4D33-8E23-3F21F8CAD268}.Release|Any CPU.ActiveCfg = Release|Any CPU
		{A3E71F63-B138-4D33-8E23-3F21F8CAD268}.Release|Any CPU.Build.0 = Release|Any CPU
		{6BB47181-59E9-489D-856E-B8A6AB3E4C00}.Debug|Any CPU.ActiveCfg = Debug|Any CPU
		{6BB47181-59E9-489D-856E-B8A6AB3E4C00}.Debug|Any CPU.Build.0 = Debug|Any CPU
		{6BB47181-59E9-489D-856E-B8A6AB3E4C00}.Release|Any CPU.ActiveCfg = Release|Any CPU
		{6BB47181-59E9-489D-856E-B8A6AB3E4C00}.Release|Any CPU.Build.0 = Release|Any CPU
		{B1D0D990-0898-4120-B91D-3941738F46FF}.Debug|Any CPU.ActiveCfg = Debug|Any CPU
		{B1D0D990-0898-4120-B91D-3941738F46FF}.Debug|Any CPU.Build.0 = Debug|Any CPU
		{B1D0D990-0898-4120-B91D-3941738F46FF}.Release|Any CPU.ActiveCfg = Debug|Any CPU
		{B1D0D990-0898-4120-B91D-3941738F46FF}.Release|Any CPU.Build.0 = Debug|Any CPU
	EndGlobalSection
	GlobalSection(SolutionProperties) = preSolution
		HideSolutionNode = FALSE
	EndGlobalSection
	GlobalSection(ExtensibilityGlobals) = postSolution
		SolutionGuid = {66FF9EBF-7E86-4ECE-A9FE-CB5EA42FB910}
	EndGlobalSection
EndGlobal
